
Microsoft Visual Studio Solution File, Format Version 12.00
# Visual Studio 15
VisualStudioVersion = 15.0.28307.1062
MinimumVisualStudioVersion = 10.0.40219.1
Project("{FAE04EC0-301F-11D3-BF4B-00C04F79EFBC}") = "Execicicio_Calculadora", "Execicicio_Calculadora\Execicicio_Calculadora.csproj", "{24257AF3-FFD3-42D6-99DC-290FB49FD335}"
EndProject
Global
	GlobalSection(SolutionConfigurationPlatforms) = preSolution
		Debug|Any CPU = Debug|Any CPU
		Release|Any CPU = Release|Any CPU
	EndGlobalSection
	GlobalSection(ProjectConfigurationPlatforms) = postSolution
		{24257AF3-FFD3-42D6-99DC-290FB49FD335}.Debug|Any CPU.ActiveCfg = Debug|Any CPU
		{24257AF3-FFD3-42D6-99DC-290FB49FD335}.Debug|Any CPU.Build.0 = Debug|Any CPU
		{24257AF3-FFD3-42D6-99DC-290FB49FD335}.Release|Any CPU.ActiveCfg = Release|Any CPU
		{24257AF3-FFD3-42D6-99DC-290FB49FD335}.Release|Any CPU.Build.0 = Release|Any CPU
	EndGlobalSection
	GlobalSection(SolutionProperties) = preSolution
		HideSolutionNode = FALSE
	EndGlobalSection
	GlobalSection(ExtensibilityGlobals) = postSolution
		SolutionGuid = {72538357-ECAC-41FC-8A15-E84F6434AE44}
	EndGlobalSection
EndGlobal
